
Microsoft Visual Studio Solution File, Format Version 12.00
# Visual Studio Version 17
VisualStudioVersion = 17.6.33829.357
MinimumVisualStudioVersion = 10.0.40219.1
Project("{FAE04EC0-301F-11D3-BF4B-00C04F79EFBC}") = "ReceiptClient", "ReceiptClient\ReceiptClient.csproj", "{DD0E2231-879F-465B-AB56-F581022E29DC}"
EndProject
Project("{9A19103F-16F7-4668-BE54-9A1E7A4F7556}") = "Dma.DatasourceLoader", "DatasourceLoader\Dma.DatasourceLoader.csproj", "{9BD8AFEE-C1A2-4FD6-8C2B-3FFE712565A2}"
EndProject
Project("{FAE04EC0-301F-11D3-BF4B-00C04F79EFBC}") = "Tests", "Tests\Tests.csproj", "{D3FF830B-8AD6-4772-8D03-7239932664E8}"
EndProject
Global
	GlobalSection(SolutionConfigurationPlatforms) = preSolution
		Debug|Any CPU = Debug|Any CPU
		Release|Any CPU = Release|Any CPU
	EndGlobalSection
	GlobalSection(ProjectConfigurationPlatforms) = postSolution
		{DD0E2231-879F-465B-AB56-F581022E29DC}.Debug|Any CPU.ActiveCfg = Debug|Any CPU
		{DD0E2231-879F-465B-AB56-F581022E29DC}.Debug|Any CPU.Build.0 = Debug|Any CPU
		{DD0E2231-879F-465B-AB56-F581022E29DC}.Release|Any CPU.ActiveCfg = Release|Any CPU
		{DD0E2231-879F-465B-AB56-F581022E29DC}.Release|Any CPU.Build.0 = Release|Any CPU
		{9BD8AFEE-C1A2-4FD6-8C2B-3FFE712565A2}.Debug|Any CPU.ActiveCfg = Debug|Any CPU
		{9BD8AFEE-C1A2-4FD6-8C2B-3FFE712565A2}.Debug|Any CPU.Build.0 = Debug|Any CPU
		{9BD8AFEE-C1A2-4FD6-8C2B-3FFE712565A2}.Release|Any CPU.ActiveCfg = Release|Any CPU
		{9BD8AFEE-C1A2-4FD6-8C2B-3FFE712565A2}.Release|Any CPU.Build.0 = Release|Any CPU
		{D3FF830B-8AD6-4772-8D03-7239932664E8}.Debug|Any CPU.ActiveCfg = Debug|Any CPU
		{D3FF830B-8AD6-4772-8D03-7239932664E8}.Debug|Any CPU.Build.0 = Debug|Any CPU
		{D3FF830B-8AD6-4772-8D03-7239932664E8}.Release|Any CPU.ActiveCfg = Release|Any CPU
		{D3FF830B-8AD6-4772-8D03-7239932664E8}.Release|Any CPU.Build.0 = Release|Any CPU
	EndGlobalSection
	GlobalSection(SolutionProperties) = preSolution
		HideSolutionNode = FALSE
	EndGlobalSection
	GlobalSection(ExtensibilityGlobals) = postSolution
		SolutionGuid = {CF5EF229-8F36-432A-8410-E291671B0BA5}
	EndGlobalSection
EndGlobal
